
Microsoft Visual Studio Solution File, Format Version 12.00
# Visual Studio Version 16
VisualStudioVersion = 16.0.30114.105
MinimumVisualStudioVersion = 10.0.40219.1
Project("{FAE04EC0-301F-11D3-BF4B-00C04F79EFBC}") = "TestResolution", "TestResolution\TestResolution.csproj", "{744F93B2-ABD5-44A6-AE94-BA3918A208B9}"
EndProject
Global
	GlobalSection(SolutionConfigurationPlatforms) = preSolution
		Debug|Any CPU = Debug|Any CPU
		Release|Any CPU = Release|Any CPU
	EndGlobalSection
	GlobalSection(ProjectConfigurationPlatforms) = postSolution
		{744F93B2-ABD5-44A6-AE94-BA3918A208B9}.Debug|Any CPU.ActiveCfg = Debug|Any CPU
		{744F93B2-ABD5-44A6-AE94-BA3918A208B9}.Debug|Any CPU.Build.0 = Debug|Any CPU
		{744F93B2-ABD5-44A6-AE94-BA3918A208B9}.Release|Any CPU.ActiveCfg = Release|Any CPU
		{744F93B2-ABD5-44A6-AE94-BA3918A208B9}.Release|Any CPU.Build.0 = Release|Any CPU
	EndGlobalSection
	GlobalSection(SolutionProperties) = preSolution
		HideSolutionNode = FALSE
	EndGlobalSection
	GlobalSection(ExtensibilityGlobals) = postSolution
		SolutionGuid = {6A93E33C-EA5D-4535-9A5B-0ACC9DE99FC5}
	EndGlobalSection
EndGlobal
